
Microsoft Visual Studio Solution File, Format Version 12.00
# Visual Studio 15
VisualStudioVersion = 15.0.26730.16
MinimumVisualStudioVersion = 10.0.40219.1
Project("{9A19103F-16F7-4668-BE54-9A1E7A4F7556}") = "ShoppingOnline.DomainModel", "ShoppingOnline.DomainModel\ShoppingOnline.DomainModel.csproj", "{05C41AF9-EA2C-4428-92A2-0998482F266D}"
EndProject
Project("{2150E333-8FDC-42A3-9474-1A3956D46DE8}") = "EventBus", "EventBus", "{A60B8C50-FC73-48AA-A230-EAC5F1D1F302}"
EndProject
Project("{9A19103F-16F7-4668-BE54-9A1E7A4F7556}") = "ShoppingOnLine.EventBus.Abstraction", "EventBus\ShoppingOnLine.EventBus.Abstraction\ShoppingOnLine.EventBus.Abstraction.csproj", "{CBFC0ACA-2F2A-4FC6-99DC-BE64050DCCA4}"
EndProject
Project("{9A19103F-16F7-4668-BE54-9A1E7A4F7556}") = "ShoppingOnLine.EventBus.InMemorySubscription", "EventBus\ShoppingOnLine.EventBus.InMemorySubscription\ShoppingOnLine.EventBus.InMemorySubscription.csproj", "{B33ABF5D-0A88-4B6D-855C-28B182BC84E4}"
EndProject
Project("{9A19103F-16F7-4668-BE54-9A1E7A4F7556}") = "ShoppingOnLine.EventBus.RabbitMQ", "EventBus\ShoppingOnLine.EventBus.RabbitMQ\ShoppingOnLine.EventBus.RabbitMQ.csproj", "{CA04FCE7-5A43-4973-AFFC-1B7385177175}"
EndProject
Project("{2150E333-8FDC-42A3-9474-1A3956D46DE8}") = "FrontEnd", "FrontEnd", "{9D8F77A8-380C-48C4-AA6A-50ACB0A51F6F}"
EndProject
Project("{9A19103F-16F7-4668-BE54-9A1E7A4F7556}") = "ShoppingOnLine.Web", "FrontEnd\ShoppingOnLine.Web\ShoppingOnLine.Web.csproj", "{E69F6CDF-F37E-4D52-BF84-5B57E79DDE97}"
EndProject
Project("{2150E333-8FDC-42A3-9474-1A3956D46DE8}") = "Marketing", "Marketing", "{F2245D57-F6D2-4456-B4BF-30DCCC553ED9}"
EndProject
Project("{9A19103F-16F7-4668-BE54-9A1E7A4F7556}") = "ShoppingOnLine.Marketing.Api", "Marketing\ShoppingOnLine.Marketing.Api\ShoppingOnLine.Marketing.Api.csproj", "{2D3E7406-69D4-49CD-9988-E1FFAF9FF52D}"
EndProject
Project("{9A19103F-16F7-4668-BE54-9A1E7A4F7556}") = "ShoppingOnLine.Marketing.Event", "Marketing\ShoppingOnLine.Marketing.Event\ShoppingOnLine.Marketing.Event.csproj", "{EFDE2479-EBDC-4A74-9765-F7EA5CA197F2}"
EndProject
Project("{2150E333-8FDC-42A3-9474-1A3956D46DE8}") = "ShoppingCart", "ShoppingCart", "{C8AEA657-C021-479C-9ACD-716632B36FF8}"
EndProject
Project("{9A19103F-16F7-4668-BE54-9A1E7A4F7556}") = "ShoppingOnLine.ShoppingCart.Api", "ShoppingCart\ShoppingOnLine.ShoppingCart.Api\ShoppingOnLine.ShoppingCart.Api.csproj", "{338644A7-A621-4B53-91A6-9DF71D88E225}"
EndProject
Project("{9A19103F-16F7-4668-BE54-9A1E7A4F7556}") = "ShoppingOnLine.ShoppingCart.Api.Event", "ShoppingCart\ShoppingOnLine.ShoppingCart.Api.Event\ShoppingOnLine.ShoppingCart.Api.Event.csproj", "{BC815245-FFD5-4EE9-A37B-7E271572AE11}"
EndProject
Project("{9A19103F-16F7-4668-BE54-9A1E7A4F7556}") = "ShoppingOnline.DataAccess", "ShoppingOnline.DataAccess\ShoppingOnline.DataAccess.csproj", "{30CC6D66-1D29-4706-B6F4-3732F8A1C5C6}"
EndProject
Project("{2150E333-8FDC-42A3-9474-1A3956D46DE8}") = "DomainModel", "DomainModel", "{014C7C55-C661-4465-9CA7-D731C859ECE1}"
EndProject
Project("{9A19103F-16F7-4668-BE54-9A1E7A4F7556}") = "ShoppingOnline.ConsolleApp", "ShoppingOnline.ConsolleApp\ShoppingOnline.ConsolleApp.csproj", "{B165A62C-BD63-40D1-A0BD-EDDE8075AC7C}"
EndProject
Global
	GlobalSection(SolutionConfigurationPlatforms) = preSolution
		Debug|Any CPU = Debug|Any CPU
		Release|Any CPU = Release|Any CPU
	EndGlobalSection
	GlobalSection(ProjectConfigurationPlatforms) = postSolution
		{05C41AF9-EA2C-4428-92A2-0998482F266D}.Debug|Any CPU.ActiveCfg = Debug|Any CPU
		{05C41AF9-EA2C-4428-92A2-0998482F266D}.Debug|Any CPU.Build.0 = Debug|Any CPU
		{05C41AF9-EA2C-4428-92A2-0998482F266D}.Release|Any CPU.ActiveCfg = Release|Any CPU
		{05C41AF9-EA2C-4428-92A2-0998482F266D}.Release|Any CPU.Build.0 = Release|Any CPU
		{CBFC0ACA-2F2A-4FC6-99DC-BE64050DCCA4}.Debug|Any CPU.ActiveCfg = Debug|Any CPU
		{CBFC0ACA-2F2A-4FC6-99DC-BE64050DCCA4}.Debug|Any CPU.Build.0 = Debug|Any CPU
		{CBFC0ACA-2F2A-4FC6-99DC-BE64050DCCA4}.Release|Any CPU.ActiveCfg = Release|Any CPU
		{CBFC0ACA-2F2A-4FC6-99DC-BE64050DCCA4}.Release|Any CPU.Build.0 = Release|Any CPU
		{B33ABF5D-0A88-4B6D-855C-28B182BC84E4}.Debug|Any CPU.ActiveCfg = Debug|Any CPU
		{B33ABF5D-0A88-4B6D-855C-28B182BC84E4}.Debug|Any CPU.Build.0 = Debug|Any CPU
		{B33ABF5D-0A88-4B6D-855C-28B182BC84E4}.Release|Any CPU.ActiveCfg = Release|Any CPU
		{B33ABF5D-0A88-4B6D-855C-28B182BC84E4}.Release|Any CPU.Build.0 = Release|Any CPU
		{CA04FCE7-5A43-4973-AFFC-1B7385177175}.Debug|Any CPU.ActiveCfg = Debug|Any CPU
		{CA04FCE7-5A43-4973-AFFC-1B7385177175}.Debug|Any CPU.Build.0 = Debug|Any CPU
		{CA04FCE7-5A43-4973-AFFC-1B7385177175}.Release|Any CPU.ActiveCfg = Release|Any CPU
		{CA04FCE7-5A43-4973-AFFC-1B7385177175}.Release|Any CPU.Build.0 = Release|Any CPU
		{E69F6CDF-F37E-4D52-BF84-5B57E79DDE97}.Debug|Any CPU.ActiveCfg = Debug|Any CPU
		{E69F6CDF-F37E-4D52-BF84-5B57E79DDE97}.Debug|Any CPU.Build.0 = Debug|Any CPU
		{E69F6CDF-F37E-4D52-BF84-5B57E79DDE97}.Release|Any CPU.ActiveCfg = Release|Any CPU
		{E69F6CDF-F37E-4D52-BF84-5B57E79DDE97}.Release|Any CPU.Build.0 = Release|Any CPU
		{2D3E7406-69D4-49CD-9988-E1FFAF9FF52D}.Debug|Any CPU.ActiveCfg = Debug|Any CPU
		{2D3E7406-69D4-49CD-9988-E1FFAF9FF52D}.Debug|Any CPU.Build.0 = Debug|Any CPU
		{2D3E7406-69D4-49CD-9988-E1FFAF9FF52D}.Release|Any CPU.ActiveCfg = Release|Any CPU
		{2D3E7406-69D4-49CD-9988-E1FFAF9FF52D}.Release|Any CPU.Build.0 = Release|Any CPU
		{EFDE2479-EBDC-4A74-9765-F7EA5CA197F2}.Debug|Any CPU.ActiveCfg = Debug|Any CPU
		{EFDE2479-EBDC-4A74-9765-F7EA5CA197F2}.Debug|Any CPU.Build.0 = Debug|Any CPU
		{EFDE2479-EBDC-4A74-9765-F7EA5CA197F2}.Release|Any CPU.ActiveCfg = Release|Any CPU
		{EFDE2479-EBDC-4A74-9765-F7EA5CA197F2}.Release|Any CPU.Build.0 = Release|Any CPU
		{338644A7-A621-4B53-91A6-9DF71D88E225}.Debug|Any CPU.ActiveCfg = Debug|Any CPU
		{338644A7-A621-4B53-91A6-9DF71D88E225}.Debug|Any CPU.Build.0 = Debug|Any CPU
		{338644A7-A621-4B53-91A6-9DF71D88E225}.Release|Any CPU.ActiveCfg = Release|Any CPU
		{338644A7-A621-4B53-91A6-9DF71D88E225}.Release|Any CPU.Build.0 = Release|Any CPU
		{BC815245-FFD5-4EE9-A37B-7E271572AE11}.Debug|Any CPU.ActiveCfg = Debug|Any CPU
		{BC815245-FFD5-4EE9-A37B-7E271572AE11}.Debug|Any CPU.Build.0 = Debug|Any CPU
		{BC815245-FFD5-4EE9-A37B-7E271572AE11}.Release|Any CPU.ActiveCfg = Release|Any CPU
		{BC815245-FFD5-4EE9-A37B-7E271572AE11}.Release|Any CPU.Build.0 = Release|Any CPU
		{30CC6D66-1D29-4706-B6F4-3732F8A1C5C6}.Debug|Any CPU.ActiveCfg = Debug|Any CPU
		{30CC6D66-1D29-4706-B6F4-3732F8A1C5C6}.Debug|Any CPU.Build.0 = Debug|Any CPU
		{30CC6D66-1D29-4706-B6F4-3732F8A1C5C6}.Release|Any CPU.ActiveCfg = Release|Any CPU
		{30CC6D66-1D29-4706-B6F4-3732F8A1C5C6}.Release|Any CPU.Build.0 = Release|Any CPU
		{B165A62C-BD63-40D1-A0BD-EDDE8075AC7C}.Debug|Any CPU.ActiveCfg = Debug|Any CPU
		{B165A62C-BD63-40D1-A0BD-EDDE8075AC7C}.Debug|Any CPU.Build.0 = Debug|Any CPU
		{B165A62C-BD63-40D1-A0BD-EDDE8075AC7C}.Release|Any CPU.ActiveCfg = Release|Any CPU
		{B165A62C-BD63-40D1-A0BD-EDDE8075AC7C}.Release|Any CPU.Build.0 = Release|Any CPU
	EndGlobalSection
	GlobalSection(SolutionProperties) = preSolution
		HideSolutionNode = FALSE
	EndGlobalSection
	GlobalSection(NestedProjects) = preSolution
		{05C41AF9-EA2C-4428-92A2-0998482F266D} = {014C7C55-C661-4465-9CA7-D731C859ECE1}
		{CBFC0ACA-2F2A-4FC6-99DC-BE64050DCCA4} = {A60B8C50-FC73-48AA-A230-EAC5F1D1F302}
		{B33ABF5D-0A88-4B6D-855C-28B182BC84E4} = {A60B8C50-FC73-48AA-A230-EAC5F1D1F302}
		{CA04FCE7-5A43-4973-AFFC-1B7385177175} = {A60B8C50-FC73-48AA-A230-EAC5F1D1F302}
		{E69F6CDF-F37E-4D52-BF84-5B57E79DDE97} = {9D8F77A8-380C-48C4-AA6A-50ACB0A51F6F}
		{2D3E7406-69D4-49CD-9988-E1FFAF9FF52D} = {F2245D57-F6D2-4456-B4BF-30DCCC553ED9}
		{EFDE2479-EBDC-4A74-9765-F7EA5CA197F2} = {F2245D57-F6D2-4456-B4BF-30DCCC553ED9}
		{338644A7-A621-4B53-91A6-9DF71D88E225} = {C8AEA657-C021-479C-9ACD-716632B36FF8}
		{BC815245-FFD5-4EE9-A37B-7E271572AE11} = {C8AEA657-C021-479C-9ACD-716632B36FF8}
		{30CC6D66-1D29-4706-B6F4-3732F8A1C5C6} = {014C7C55-C661-4465-9CA7-D731C859ECE1}
	EndGlobalSection
	GlobalSection(ExtensibilityGlobals) = postSolution
		SolutionGuid = {2672D3A5-2078-40DB-9F62-93DD1634B9A6}
	EndGlobalSection
EndGlobal
